
Microsoft Visual Studio Solution File, Format Version 12.00
# Visual Studio 15
VisualStudioVersion = 15.0.26124.0
MinimumVisualStudioVersion = 15.0.26124.0
Project("{9A19103F-16F7-4668-BE54-9A1E7A4F7556}") = "Philadelphia.Tests.Server", "Philadelphia.Tests.Server\Philadelphia.Tests.Server.csproj", "{A5506AA0-9334-4652-A24B-5A36574C04D0}"
EndProject
Project("{9A19103F-16F7-4668-BE54-9A1E7A4F7556}") = "Philadelphia.Tests.Domain", "Philadelphia.Tests.Domain\Philadelphia.Tests.Domain.csproj", "{54502C75-22FF-45E2-B243-62EE1C7B94DD}"
EndProject
Project("{9A19103F-16F7-4668-BE54-9A1E7A4F7556}") = "Philadelphia.Tests.Services", "Philadelphia.Tests.Services\Philadelphia.Tests.Services.csproj", "{9B241E38-DB1D-4073-97D7-13D8BB10E46E}"
EndProject
Project("{2150E333-8FDC-42A3-9474-1A3956D46DE8}") = "DotNetCore", "DotNetCore", "{D3592AC2-F2D3-42BD-BC77-66D1D606092B}"
EndProject
Project("{FAE04EC0-301F-11D3-BF4B-00C04F79EFBC}") = "Philadelphia.Tests.Client", "Philadelphia.Tests.Client\Philadelphia.Tests.Client.csproj", "{668CC9CC-D0C5-4521-9388-A3AFE85BD1F3}"
EndProject
Project("{2150E333-8FDC-42A3-9474-1A3956D46DE8}") = "BridgeDotNet", "BridgeDotNet", "{F4049AF4-2F1C-461B-99E9-EC9F96D4B6B2}"
EndProject
Project("{2150E333-8FDC-42A3-9474-1A3956D46DE8}") = "Toolkit", "Toolkit", "{7DEFD8C1-41CD-4325-B1DD-F838C3A1B952}"
EndProject
Project("{2150E333-8FDC-42A3-9474-1A3956D46DE8}") = "Tests", "Tests", "{33F2EB98-656B-46EC-B96B-A2CD677E7717}"
EndProject
Project("{2150E333-8FDC-42A3-9474-1A3956D46DE8}") = "BridgeDotNet", "BridgeDotNet", "{916AE093-8295-4EE4-82E4-DA0544527575}"
EndProject
Project("{2150E333-8FDC-42A3-9474-1A3956D46DE8}") = "DotNetCore", "DotNetCore", "{FFC0F9FF-7334-4439-8764-5BF38B97BD8B}"
EndProject
Project("{FAE04EC0-301F-11D3-BF4B-00C04F79EFBC}") = "Philadelphia.Common.AsBridgeDotNet", "Philadelphia.Common\Philadelphia.Common.AsBridgeDotNet.csproj", "{9C31D343-8D00-4520-8D74-AFBE7E69555D}"
EndProject
Project("{FAE04EC0-301F-11D3-BF4B-00C04F79EFBC}") = "Philadelphia.Web", "Philadelphia.Web\Philadelphia.Web.csproj", "{04AA0E1E-E264-495B-A057-A56634D885EC}"
EndProject
Project("{9A19103F-16F7-4668-BE54-9A1E7A4F7556}") = "Philadelphia.Common", "Philadelphia.Common\Philadelphia.Common.csproj", "{E16F556C-EFA5-4FA2-A07C-DB4F06A3AE5A}"
EndProject
Project("{6EC3EE1D-3C4E-46DD-8F32-0CC8E7565705}") = "Philadelphia.Server.Common", "Philadelphia.Server.Common\Philadelphia.Server.Common.fsproj", "{4FE511E2-EEAF-437D-89D4-4675D3ED27F9}"
EndProject
Project("{6EC3EE1D-3C4E-46DD-8F32-0CC8E7565705}") = "Philadelphia.ServerSideUtils", "Philadelphia.ServerSideUtils\Philadelphia.ServerSideUtils.fsproj", "{3A42EAA3-0CE9-4F67-9AC6-0C1380D4C317}"
EndProject
Project("{6EC3EE1D-3C4E-46DD-8F32-0CC8E7565705}") = "Philadelphia.Server.ForAspNetCore", "Philadelphia.Server.ForAspNetCore\Philadelphia.Server.ForAspNetCore.fsproj", "{1AF993AF-E678-481A-B8B1-FCDF5C75D63E}"
EndProject
Global
	GlobalSection(SolutionConfigurationPlatforms) = preSolution
		Debug|Any CPU = Debug|Any CPU
		Debug|x64 = Debug|x64
		Debug|x86 = Debug|x86
		Release|Any CPU = Release|Any CPU
		Release|x64 = Release|x64
		Release|x86 = Release|x86
	EndGlobalSection
	GlobalSection(ProjectConfigurationPlatforms) = postSolution
		{A5506AA0-9334-4652-A24B-5A36574C04D0}.Debug|Any CPU.ActiveCfg = Debug|Any CPU
		{A5506AA0-9334-4652-A24B-5A36574C04D0}.Debug|Any CPU.Build.0 = Debug|Any CPU
		{A5506AA0-9334-4652-A24B-5A36574C04D0}.Debug|x64.ActiveCfg = Debug|Any CPU
		{A5506AA0-9334-4652-A24B-5A36574C04D0}.Debug|x64.Build.0 = Debug|Any CPU
		{A5506AA0-9334-4652-A24B-5A36574C04D0}.Debug|x86.ActiveCfg = Debug|Any CPU
		{A5506AA0-9334-4652-A24B-5A36574C04D0}.Debug|x86.Build.0 = Debug|Any CPU
		{A5506AA0-9334-4652-A24B-5A36574C04D0}.Release|Any CPU.ActiveCfg = Release|Any CPU
		{A5506AA0-9334-4652-A24B-5A36574C04D0}.Release|Any CPU.Build.0 = Release|Any CPU
		{A5506AA0-9334-4652-A24B-5A36574C04D0}.Release|x64.ActiveCfg = Release|Any CPU
		{A5506AA0-9334-4652-A24B-5A36574C04D0}.Release|x64.Build.0 = Release|Any CPU
		{A5506AA0-9334-4652-A24B-5A36574C04D0}.Release|x86.ActiveCfg = Release|Any CPU
		{A5506AA0-9334-4652-A24B-5A36574C04D0}.Release|x86.Build.0 = Release|Any CPU
		{54502C75-22FF-45E2-B243-62EE1C7B94DD}.Debug|Any CPU.ActiveCfg = Debug|Any CPU
		{54502C75-22FF-45E2-B243-62EE1C7B94DD}.Debug|Any CPU.Build.0 = Debug|Any CPU
		{54502C75-22FF-45E2-B243-62EE1C7B94DD}.Debug|x64.ActiveCfg = Debug|Any CPU
		{54502C75-22FF-45E2-B243-62EE1C7B94DD}.Debug|x64.Build.0 = Debug|Any CPU
		{54502C75-22FF-45E2-B243-62EE1C7B94DD}.Debug|x86.ActiveCfg = Debug|Any CPU
		{54502C75-22FF-45E2-B243-62EE1C7B94DD}.Debug|x86.Build.0 = Debug|Any CPU
		{54502C75-22FF-45E2-B243-62EE1C7B94DD}.Release|Any CPU.ActiveCfg = Release|Any CPU
		{54502C75-22FF-45E2-B243-62EE1C7B94DD}.Release|Any CPU.Build.0 = Release|Any CPU
		{54502C75-22FF-45E2-B243-62EE1C7B94DD}.Release|x64.ActiveCfg = Release|Any CPU
		{54502C75-22FF-45E2-B243-62EE1C7B94DD}.Release|x64.Build.0 = Release|Any CPU
		{54502C75-22FF-45E2-B243-62EE1C7B94DD}.Release|x86.ActiveCfg = Release|Any CPU
		{54502C75-22FF-45E2-B243-62EE1C7B94DD}.Release|x86.Build.0 = Release|Any CPU
		{9B241E38-DB1D-4073-97D7-13D8BB10E46E}.Debug|Any CPU.ActiveCfg = Debug|Any CPU
		{9B241E38-DB1D-4073-97D7-13D8BB10E46E}.Debug|Any CPU.Build.0 = Debug|Any CPU
		{9B241E38-DB1D-4073-97D7-13D8BB10E46E}.Debug|x64.ActiveCfg = Debug|Any CPU
		{9B241E38-DB1D-4073-97D7-13D8BB10E46E}.Debug|x64.Build.0 = Debug|Any CPU
		{9B241E38-DB1D-4073-97D7-13D8BB10E46E}.Debug|x86.ActiveCfg = Debug|Any CPU
		{9B241E38-DB1D-4073-97D7-13D8BB10E46E}.Debug|x86.Build.0 = Debug|Any CPU
		{9B241E38-DB1D-4073-97D7-13D8BB10E46E}.Release|Any CPU.ActiveCfg = Release|Any CPU
		{9B241E38-DB1D-4073-97D7-13D8BB10E46E}.Release|Any CPU.Build.0 = Release|Any CPU
		{9B241E38-DB1D-4073-97D7-13D8BB10E46E}.Release|x64.ActiveCfg = Release|Any CPU
		{9B241E38-DB1D-4073-97D7-13D8BB10E46E}.Release|x64.Build.0 = Release|Any CPU
		{9B241E38-DB1D-4073-97D7-13D8BB10E46E}.Release|x86.ActiveCfg = Release|Any CPU
		{9B241E38-DB1D-4073-97D7-13D8BB10E46E}.Release|x86.Build.0 = Release|Any CPU
		{668CC9CC-D0C5-4521-9388-A3AFE85BD1F3}.Debug|Any CPU.ActiveCfg = Debug|Any CPU
		{668CC9CC-D0C5-4521-9388-A3AFE85BD1F3}.Debug|Any CPU.Build.0 = Debug|Any CPU
		{668CC9CC-D0C5-4521-9388-A3AFE85BD1F3}.Debug|x64.ActiveCfg = Debug|Any CPU
		{668CC9CC-D0C5-4521-9388-A3AFE85BD1F3}.Debug|x64.Build.0 = Debug|Any CPU
		{668CC9CC-D0C5-4521-9388-A3AFE85BD1F3}.Debug|x86.ActiveCfg = Debug|Any CPU
		{668CC9CC-D0C5-4521-9388-A3AFE85BD1F3}.Debug|x86.Build.0 = Debug|Any CPU
		{668CC9CC-D0C5-4521-9388-A3AFE85BD1F3}.Release|Any CPU.ActiveCfg = Release|Any CPU
		{668CC9CC-D0C5-4521-9388-A3AFE85BD1F3}.Release|Any CPU.Build.0 = Release|Any CPU
		{668CC9CC-D0C5-4521-9388-A3AFE85BD1F3}.Release|x64.ActiveCfg = Release|Any CPU
		{668CC9CC-D0C5-4521-9388-A3AFE85BD1F3}.Release|x64.Build.0 = Release|Any CPU
		{668CC9CC-D0C5-4521-9388-A3AFE85BD1F3}.Release|x86.ActiveCfg = Release|Any CPU
		{668CC9CC-D0C5-4521-9388-A3AFE85BD1F3}.Release|x86.Build.0 = Release|Any CPU
		{9C31D343-8D00-4520-8D74-AFBE7E69555D}.Debug|Any CPU.ActiveCfg = Debug|Any CPU
		{9C31D343-8D00-4520-8D74-AFBE7E69555D}.Debug|Any CPU.Build.0 = Debug|Any CPU
		{9C31D343-8D00-4520-8D74-AFBE7E69555D}.Debug|x64.ActiveCfg = Debug|Any CPU
		{9C31D343-8D00-4520-8D74-AFBE7E69555D}.Debug|x64.Build.0 = Debug|Any CPU
		{9C31D343-8D00-4520-8D74-AFBE7E69555D}.Debug|x86.ActiveCfg = Debug|Any CPU
		{9C31D343-8D00-4520-8D74-AFBE7E69555D}.Debug|x86.Build.0 = Debug|Any CPU
		{9C31D343-8D00-4520-8D74-AFBE7E69555D}.Release|Any CPU.ActiveCfg = Release|Any CPU
		{9C31D343-8D00-4520-8D74-AFBE7E69555D}.Release|Any CPU.Build.0 = Release|Any CPU
		{9C31D343-8D00-4520-8D74-AFBE7E69555D}.Release|x64.ActiveCfg = Release|Any CPU
		{9C31D343-8D00-4520-8D74-AFBE7E69555D}.Release|x64.Build.0 = Release|Any CPU
		{9C31D343-8D00-4520-8D74-AFBE7E69555D}.Release|x86.ActiveCfg = Release|Any CPU
		{9C31D343-8D00-4520-8D74-AFBE7E69555D}.Release|x86.Build.0 = Release|Any CPU
		{04AA0E1E-E264-495B-A057-A56634D885EC}.Debug|Any CPU.ActiveCfg = Debug|Any CPU
		{04AA0E1E-E264-495B-A057-A56634D885EC}.Debug|Any CPU.Build.0 = Debug|Any CPU
		{04AA0E1E-E264-495B-A057-A56634D885EC}.Debug|x64.ActiveCfg = Debug|Any CPU
		{04AA0E1E-E264-495B-A057-A56634D885EC}.Debug|x64.Build.0 = Debug|Any CPU
		{04AA0E1E-E264-495B-A057-A56634D885EC}.Debug|x86.ActiveCfg = Debug|Any CPU
		{04AA0E1E-E264-495B-A057-A56634D885EC}.Debug|x86.Build.0 = Debug|Any CPU
		{04AA0E1E-E264-495B-A057-A56634D885EC}.Release|Any CPU.ActiveCfg = Release|Any CPU
		{04AA0E1E-E264-495B-A057-A56634D885EC}.Release|Any CPU.Build.0 = Release|Any CPU
		{04AA0E1E-E264-495B-A057-A56634D885EC}.Release|x64.ActiveCfg = Release|Any CPU
		{04AA0E1E-E264-495B-A057-A56634D885EC}.Release|x64.Build.0 = Release|Any CPU
		{04AA0E1E-E264-495B-A057-A56634D885EC}.Release|x86.ActiveCfg = Release|Any CPU
		{04AA0E1E-E264-495B-A057-A56634D885EC}.Release|x86.Build.0 = Release|Any CPU
		{E16F556C-EFA5-4FA2-A07C-DB4F06A3AE5A}.Debug|Any CPU.ActiveCfg = Debug|Any CPU
		{E16F556C-EFA5-4FA2-A07C-DB4F06A3AE5A}.Debug|Any CPU.Build.0 = Debug|Any CPU
		{E16F556C-EFA5-4FA2-A07C-DB4F06A3AE5A}.Debug|x64.ActiveCfg = Debug|Any CPU
		{E16F556C-EFA5-4FA2-A07C-DB4F06A3AE5A}.Debug|x64.Build.0 = Debug|Any CPU
		{E16F556C-EFA5-4FA2-A07C-DB4F06A3AE5A}.Debug|x86.ActiveCfg = Debug|Any CPU
		{E16F556C-EFA5-4FA2-A07C-DB4F06A3AE5A}.Debug|x86.Build.0 = Debug|Any CPU
		{E16F556C-EFA5-4FA2-A07C-DB4F06A3AE5A}.Release|Any CPU.ActiveCfg = Release|Any CPU
		{E16F556C-EFA5-4FA2-A07C-DB4F06A3AE5A}.Release|Any CPU.Build.0 = Release|Any CPU
		{E16F556C-EFA5-4FA2-A07C-DB4F06A3AE5A}.Release|x64.ActiveCfg = Release|Any CPU
		{E16F556C-EFA5-4FA2-A07C-DB4F06A3AE5A}.Release|x64.Build.0 = Release|Any CPU
		{E16F556C-EFA5-4FA2-A07C-DB4F06A3AE5A}.Release|x86.ActiveCfg = Release|Any CPU
		{E16F556C-EFA5-4FA2-A07C-DB4F06A3AE5A}.Release|x86.Build.0 = Release|Any CPU
		{4FE511E2-EEAF-437D-89D4-4675D3ED27F9}.Debug|Any CPU.ActiveCfg = Debug|Any CPU
		{4FE511E2-EEAF-437D-89D4-4675D3ED27F9}.Debug|Any CPU.Build.0 = Debug|Any CPU
		{4FE511E2-EEAF-437D-89D4-4675D3ED27F9}.Debug|x64.ActiveCfg = Debug|Any CPU
		{4FE511E2-EEAF-437D-89D4-4675D3ED27F9}.Debug|x64.Build.0 = Debug|Any CPU
		{4FE511E2-EEAF-437D-89D4-4675D3ED27F9}.Debug|x86.ActiveCfg = Debug|Any CPU
		{4FE511E2-EEAF-437D-89D4-4675D3ED27F9}.Debug|x86.Build.0 = Debug|Any CPU
		{4FE511E2-EEAF-437D-89D4-4675D3ED27F9}.Release|Any CPU.ActiveCfg = Release|Any CPU
		{4FE511E2-EEAF-437D-89D4-4675D3ED27F9}.Release|Any CPU.Build.0 = Release|Any CPU
		{4FE511E2-EEAF-437D-89D4-4675D3ED27F9}.Release|x64.ActiveCfg = Release|Any CPU
		{4FE511E2-EEAF-437D-89D4-4675D3ED27F9}.Release|x64.Build.0 = Release|Any CPU
		{4FE511E2-EEAF-437D-89D4-4675D3ED27F9}.Release|x86.ActiveCfg = Release|Any CPU
		{4FE511E2-EEAF-437D-89D4-4675D3ED27F9}.Release|x86.Build.0 = Release|Any CPU
		{3A42EAA3-0CE9-4F67-9AC6-0C1380D4C317}.Debug|Any CPU.ActiveCfg = Debug|Any CPU
		{3A42EAA3-0CE9-4F67-9AC6-0C1380D4C317}.Debug|Any CPU.Build.0 = Debug|Any CPU
		{3A42EAA3-0CE9-4F67-9AC6-0C1380D4C317}.Debug|x64.ActiveCfg = Debug|Any CPU
		{3A42EAA3-0CE9-4F67-9AC6-0C1380D4C317}.Debug|x64.Build.0 = Debug|Any CPU
		{3A42EAA3-0CE9-4F67-9AC6-0C1380D4C317}.Debug|x86.ActiveCfg = Debug|Any CPU
		{3A42EAA3-0CE9-4F67-9AC6-0C1380D4C317}.Debug|x86.Build.0 = Debug|Any CPU
		{3A42EAA3-0CE9-4F67-9AC6-0C1380D4C317}.Release|Any CPU.ActiveCfg = Release|Any CPU
		{3A42EAA3-0CE9-4F67-9AC6-0C1380D4C317}.Release|Any CPU.Build.0 = Release|Any CPU
		{3A42EAA3-0CE9-4F67-9AC6-0C1380D4C317}.Release|x64.ActiveCfg = Release|Any CPU
		{3A42EAA3-0CE9-4F67-9AC6-0C1380D4C317}.Release|x64.Build.0 = Release|Any CPU
		{3A42EAA3-0CE9-4F67-9AC6-0C1380D4C317}.Release|x86.ActiveCfg = Release|Any CPU
		{3A42EAA3-0CE9-4F67-9AC6-0C1380D4C317}.Release|x86.Build.0 = Release|Any CPU
		{1AF993AF-E678-481A-B8B1-FCDF5C75D63E}.Debug|Any CPU.ActiveCfg = Debug|Any CPU
		{1AF993AF-E678-481A-B8B1-FCDF5C75D63E}.Debug|Any CPU.Build.0 = Debug|Any CPU
		{1AF993AF-E678-481A-B8B1-FCDF5C75D63E}.Debug|x64.ActiveCfg = Debug|Any CPU
		{1AF993AF-E678-481A-B8B1-FCDF5C75D63E}.Debug|x64.Build.0 = Debug|Any CPU
		{1AF993AF-E678-481A-B8B1-FCDF5C75D63E}.Debug|x86.ActiveCfg = Debug|Any CPU
		{1AF993AF-E678-481A-B8B1-FCDF5C75D63E}.Debug|x86.Build.0 = Debug|Any CPU
		{1AF993AF-E678-481A-B8B1-FCDF5C75D63E}.Release|Any CPU.ActiveCfg = Release|Any CPU
		{1AF993AF-E678-481A-B8B1-FCDF5C75D63E}.Release|Any CPU.Build.0 = Release|Any CPU
		{1AF993AF-E678-481A-B8B1-FCDF5C75D63E}.Release|x64.ActiveCfg = Release|Any CPU
		{1AF993AF-E678-481A-B8B1-FCDF5C75D63E}.Release|x64.Build.0 = Release|Any CPU
		{1AF993AF-E678-481A-B8B1-FCDF5C75D63E}.Release|x86.ActiveCfg = Release|Any CPU
		{1AF993AF-E678-481A-B8B1-FCDF5C75D63E}.Release|x86.Build.0 = Release|Any CPU
	EndGlobalSection
	GlobalSection(SolutionProperties) = preSolution
		HideSolutionNode = FALSE
	EndGlobalSection
	GlobalSection(NestedProjects) = preSolution
		{A5506AA0-9334-4652-A24B-5A36574C04D0} = {D3592AC2-F2D3-42BD-BC77-66D1D606092B}
		{54502C75-22FF-45E2-B243-62EE1C7B94DD} = {D3592AC2-F2D3-42BD-BC77-66D1D606092B}
		{9B241E38-DB1D-4073-97D7-13D8BB10E46E} = {D3592AC2-F2D3-42BD-BC77-66D1D606092B}
		{D3592AC2-F2D3-42BD-BC77-66D1D606092B} = {33F2EB98-656B-46EC-B96B-A2CD677E7717}
		{668CC9CC-D0C5-4521-9388-A3AFE85BD1F3} = {F4049AF4-2F1C-461B-99E9-EC9F96D4B6B2}
		{F4049AF4-2F1C-461B-99E9-EC9F96D4B6B2} = {33F2EB98-656B-46EC-B96B-A2CD677E7717}
		{916AE093-8295-4EE4-82E4-DA0544527575} = {7DEFD8C1-41CD-4325-B1DD-F838C3A1B952}
		{FFC0F9FF-7334-4439-8764-5BF38B97BD8B} = {7DEFD8C1-41CD-4325-B1DD-F838C3A1B952}
		{9C31D343-8D00-4520-8D74-AFBE7E69555D} = {916AE093-8295-4EE4-82E4-DA0544527575}
		{04AA0E1E-E264-495B-A057-A56634D885EC} = {916AE093-8295-4EE4-82E4-DA0544527575}
		{E16F556C-EFA5-4FA2-A07C-DB4F06A3AE5A} = {FFC0F9FF-7334-4439-8764-5BF38B97BD8B}
		{4FE511E2-EEAF-437D-89D4-4675D3ED27F9} = {FFC0F9FF-7334-4439-8764-5BF38B97BD8B}
		{3A42EAA3-0CE9-4F67-9AC6-0C1380D4C317} = {FFC0F9FF-7334-4439-8764-5BF38B97BD8B}
		{1AF993AF-E678-481A-B8B1-FCDF5C75D63E} = {FFC0F9FF-7334-4439-8764-5BF38B97BD8B}
	EndGlobalSection
	GlobalSection(ExtensibilityGlobals) = postSolution
		SolutionGuid = {803DD2B1-D967-4F15-AE9C-21E4DD83D183}
	EndGlobalSection
EndGlobal
