
Microsoft Visual Studio Solution File, Format Version 12.00
# Visual Studio 15
VisualStudioVersion = 15.0.26124.0
MinimumVisualStudioVersion = 15.0.26124.0
Project("{6EC3EE1D-3C4E-46DD-8F32-0CC8E7565705}") = "Philadelphia.Server.ForAspNetCore", "Philadelphia.Server.ForAspNetCore\Philadelphia.Server.ForAspNetCore.fsproj", "{01A8EE55-5A5B-47D5-95A4-F63DEC29DA0E}"
EndProject
Project("{6EC3EE1D-3C4E-46DD-8F32-0CC8E7565705}") = "Philadelphia.Server.Common", "Philadelphia.Server.Common\Philadelphia.Server.Common.fsproj", "{E199AD0A-8B39-4CD5-86F7-41668E5155F3}"
EndProject
Project("{9A19103F-16F7-4668-BE54-9A1E7A4F7556}") = "Philadelphia.Common", "Philadelphia.Common\Philadelphia.Common.csproj", "{962B1CB0-59F4-42ED-A169-58FE322437BA}"
EndProject
Project("{9A19103F-16F7-4668-BE54-9A1E7A4F7556}") = "Philadelphia.Demo.Server", "Philadelphia.Demo.Server\Philadelphia.Demo.Server.csproj", "{A5506AA0-9334-4652-A24B-5A36574C04D0}"
EndProject
Project("{9A19103F-16F7-4668-BE54-9A1E7A4F7556}") = "Philadelphia.Demo.SharedModel", "Philadelphia.Demo.SharedModel\Philadelphia.Demo.SharedModel.csproj", "{54502C75-22FF-45E2-B243-62EE1C7B94DD}"
EndProject
Project("{9A19103F-16F7-4668-BE54-9A1E7A4F7556}") = "Philadelphia.Demo.ServicesImpl", "Philadelphia.Demo.ServicesImpl\Philadelphia.Demo.ServicesImpl.csproj", "{9B241E38-DB1D-4073-97D7-13D8BB10E46E}"
EndProject
Project("{2150E333-8FDC-42A3-9474-1A3956D46DE8}") = "Toolkit", "Toolkit", "{C290B8E7-1522-454C-9651-59F1B6F94722}"
EndProject
Project("{2150E333-8FDC-42A3-9474-1A3956D46DE8}") = "DotNetCore", "DotNetCore", "{D3592AC2-F2D3-42BD-BC77-66D1D606092B}"
EndProject
Project("{2150E333-8FDC-42A3-9474-1A3956D46DE8}") = "Demo", "Demo", "{8114D530-A951-4C99-9996-8CCA164DA4B2}"
EndProject
Project("{FAE04EC0-301F-11D3-BF4B-00C04F79EFBC}") = "Philadelphia.StaticResources", "Philadelphia.StaticResources\Philadelphia.StaticResources.csproj", "{56BF136F-3105-4D5C-95CD-1807572397B1}"
EndProject
Project("{FAE04EC0-301F-11D3-BF4B-00C04F79EFBC}") = "Philadelphia.Web", "Philadelphia.Web\Philadelphia.Web.csproj", "{04AA0E1E-E264-495B-A057-A56634D885EC}"
EndProject
Project("{FAE04EC0-301F-11D3-BF4B-00C04F79EFBC}") = "Philadelphia.Demo.Client", "Philadelphia.Demo.Client\Philadelphia.Demo.Client.csproj", "{668CC9CC-D0C5-4521-9388-A3AFE85BD1F3}"
EndProject
Project("{FAE04EC0-301F-11D3-BF4B-00C04F79EFBC}") = "Philadelphia.Common.AsBridgeDotNet", "Philadelphia.Common\Philadelphia.Common.AsBridgeDotNet.csproj", "{9C31D343-8D00-4520-8D74-AFBE7E69555D}"
EndProject
Project("{2150E333-8FDC-42A3-9474-1A3956D46DE8}") = "BridgeDotNet", "BridgeDotNet", "{F4049AF4-2F1C-461B-99E9-EC9F96D4B6B2}"
EndProject
Project("{2150E333-8FDC-42A3-9474-1A3956D46DE8}") = "DotNetCore", "DotNetCore", "{931CA310-5F23-40E5-A2E9-041ADECCF804}"
EndProject
Project("{2150E333-8FDC-42A3-9474-1A3956D46DE8}") = "BridgeDotNet", "BridgeDotNet", "{69A9C33A-2A06-47A9-BFFE-AF915C168A0B}"
EndProject
Project("{6EC3EE1D-3C4E-46DD-8F32-0CC8E7565705}") = "Philadelphia.ServerSideUtils", "Philadelphia.ServerSideUtils\Philadelphia.ServerSideUtils.fsproj", "{2FC3CC69-94BD-4D63-89A4-830EC6336523}"
EndProject
Project("{9A19103F-16F7-4668-BE54-9A1E7A4F7556}") = "Philadelphia.CodeGen.ForClient", "Philadelphia.CodeGen.ForClient\Philadelphia.CodeGen.ForClient.csproj", "{49F0FB25-84CD-4870-AF67-B21DAEF0C9C5}"
EndProject
Project("{2150E333-8FDC-42A3-9474-1A3956D46DE8}") = "CodeGeneration", "CodeGeneration", "{1B7BCA4B-E8ED-4A0B-B920-CF5AC765E1C6}"
EndProject
Project("{2150E333-8FDC-42A3-9474-1A3956D46DE8}") = "Testing", "Testing", "{FA1BF05F-13AC-4619-9E96-73CBFFE38D69}"
EndProject
Project("{2150E333-8FDC-42A3-9474-1A3956D46DE8}") = "Heavy", "Heavy", "{72559B87-69CA-4BF0-91C8-19E1F49ADC9E}"
EndProject
Project("{9A19103F-16F7-4668-BE54-9A1E7A4F7556}") = "ControlledByTests.Domain", "Tests\Heavy\ControlledByTests.Domain\ControlledByTests.Domain.csproj", "{BAE86ECF-D31A-4DF1-AE37-4BE91C4A7206}"
EndProject
Project("{9A19103F-16F7-4668-BE54-9A1E7A4F7556}") = "ControlledByTests.Server", "Tests\Heavy\ControlledByTests.Server\ControlledByTests.Server.csproj", "{AB71E265-2C08-4F6E-8D67-1B04CD43863F}"
EndProject
Project("{FAE04EC0-301F-11D3-BF4B-00C04F79EFBC}") = "ControlledByTests.Client", "Tests\Heavy\ControlledByTests.Client\ControlledByTests.Client.csproj", "{D8A7318A-0EC8-4E0C-915E-C02AD11EE547}"
EndProject
Project("{9A19103F-16F7-4668-BE54-9A1E7A4F7556}") = "HeavyTests", "Tests\Heavy\HeavyTests\HeavyTests.csproj", "{F369F859-49DC-4D3A-AF1F-662C422EE74A}"
EndProject
Project("{9A19103F-16F7-4668-BE54-9A1E7A4F7556}") = "Philadelphia.Testing.DotNetCore", "Philadelphia.Testing.DotNetCore\Philadelphia.Testing.DotNetCore.csproj", "{13F1AB50-CC54-4717-B137-AE74A45EDB02}"
EndProject
Project("{9A19103F-16F7-4668-BE54-9A1E7A4F7556}") = "Philadelphia.Testing.DotNetCore.Selenium", "Philadelphia.Testing.DotNetCore.Selenium\Philadelphia.Testing.DotNetCore.Selenium.csproj", "{4774E363-6754-4BB9-8C34-E4E30FA2D6B5}"
EndProject
Global
	GlobalSection(SolutionConfigurationPlatforms) = preSolution
		Debug|Any CPU = Debug|Any CPU
		Debug|x64 = Debug|x64
		Debug|x86 = Debug|x86
		Release|Any CPU = Release|Any CPU
		Release|x64 = Release|x64
		Release|x86 = Release|x86
	EndGlobalSection
	GlobalSection(ProjectConfigurationPlatforms) = postSolution
		{01A8EE55-5A5B-47D5-95A4-F63DEC29DA0E}.Debug|Any CPU.ActiveCfg = Debug|Any CPU
		{01A8EE55-5A5B-47D5-95A4-F63DEC29DA0E}.Debug|Any CPU.Build.0 = Debug|Any CPU
		{01A8EE55-5A5B-47D5-95A4-F63DEC29DA0E}.Debug|x64.ActiveCfg = Debug|Any CPU
		{01A8EE55-5A5B-47D5-95A4-F63DEC29DA0E}.Debug|x64.Build.0 = Debug|Any CPU
		{01A8EE55-5A5B-47D5-95A4-F63DEC29DA0E}.Debug|x86.ActiveCfg = Debug|Any CPU
		{01A8EE55-5A5B-47D5-95A4-F63DEC29DA0E}.Debug|x86.Build.0 = Debug|Any CPU
		{01A8EE55-5A5B-47D5-95A4-F63DEC29DA0E}.Release|Any CPU.ActiveCfg = Release|Any CPU
		{01A8EE55-5A5B-47D5-95A4-F63DEC29DA0E}.Release|Any CPU.Build.0 = Release|Any CPU
		{01A8EE55-5A5B-47D5-95A4-F63DEC29DA0E}.Release|x64.ActiveCfg = Release|Any CPU
		{01A8EE55-5A5B-47D5-95A4-F63DEC29DA0E}.Release|x64.Build.0 = Release|Any CPU
		{01A8EE55-5A5B-47D5-95A4-F63DEC29DA0E}.Release|x86.ActiveCfg = Release|Any CPU
		{01A8EE55-5A5B-47D5-95A4-F63DEC29DA0E}.Release|x86.Build.0 = Release|Any CPU
		{E199AD0A-8B39-4CD5-86F7-41668E5155F3}.Debug|Any CPU.ActiveCfg = Debug|Any CPU
		{E199AD0A-8B39-4CD5-86F7-41668E5155F3}.Debug|Any CPU.Build.0 = Debug|Any CPU
		{E199AD0A-8B39-4CD5-86F7-41668E5155F3}.Debug|x64.ActiveCfg = Debug|Any CPU
		{E199AD0A-8B39-4CD5-86F7-41668E5155F3}.Debug|x64.Build.0 = Debug|Any CPU
		{E199AD0A-8B39-4CD5-86F7-41668E5155F3}.Debug|x86.ActiveCfg = Debug|Any CPU
		{E199AD0A-8B39-4CD5-86F7-41668E5155F3}.Debug|x86.Build.0 = Debug|Any CPU
		{E199AD0A-8B39-4CD5-86F7-41668E5155F3}.Release|Any CPU.ActiveCfg = Release|Any CPU
		{E199AD0A-8B39-4CD5-86F7-41668E5155F3}.Release|Any CPU.Build.0 = Release|Any CPU
		{E199AD0A-8B39-4CD5-86F7-41668E5155F3}.Release|x64.ActiveCfg = Release|Any CPU
		{E199AD0A-8B39-4CD5-86F7-41668E5155F3}.Release|x64.Build.0 = Release|Any CPU
		{E199AD0A-8B39-4CD5-86F7-41668E5155F3}.Release|x86.ActiveCfg = Release|Any CPU
		{E199AD0A-8B39-4CD5-86F7-41668E5155F3}.Release|x86.Build.0 = Release|Any CPU
		{962B1CB0-59F4-42ED-A169-58FE322437BA}.Debug|Any CPU.ActiveCfg = Debug|Any CPU
		{962B1CB0-59F4-42ED-A169-58FE322437BA}.Debug|Any CPU.Build.0 = Debug|Any CPU
		{962B1CB0-59F4-42ED-A169-58FE322437BA}.Debug|x64.ActiveCfg = Debug|Any CPU
		{962B1CB0-59F4-42ED-A169-58FE322437BA}.Debug|x64.Build.0 = Debug|Any CPU
		{962B1CB0-59F4-42ED-A169-58FE322437BA}.Debug|x86.ActiveCfg = Debug|Any CPU
		{962B1CB0-59F4-42ED-A169-58FE322437BA}.Debug|x86.Build.0 = Debug|Any CPU
		{962B1CB0-59F4-42ED-A169-58FE322437BA}.Release|Any CPU.ActiveCfg = Release|Any CPU
		{962B1CB0-59F4-42ED-A169-58FE322437BA}.Release|Any CPU.Build.0 = Release|Any CPU
		{962B1CB0-59F4-42ED-A169-58FE322437BA}.Release|x64.ActiveCfg = Release|Any CPU
		{962B1CB0-59F4-42ED-A169-58FE322437BA}.Release|x64.Build.0 = Release|Any CPU
		{962B1CB0-59F4-42ED-A169-58FE322437BA}.Release|x86.ActiveCfg = Release|Any CPU
		{962B1CB0-59F4-42ED-A169-58FE322437BA}.Release|x86.Build.0 = Release|Any CPU
		{A5506AA0-9334-4652-A24B-5A36574C04D0}.Debug|Any CPU.ActiveCfg = Debug|Any CPU
		{A5506AA0-9334-4652-A24B-5A36574C04D0}.Debug|Any CPU.Build.0 = Debug|Any CPU
		{A5506AA0-9334-4652-A24B-5A36574C04D0}.Debug|x64.ActiveCfg = Debug|Any CPU
		{A5506AA0-9334-4652-A24B-5A36574C04D0}.Debug|x64.Build.0 = Debug|Any CPU
		{A5506AA0-9334-4652-A24B-5A36574C04D0}.Debug|x86.ActiveCfg = Debug|Any CPU
		{A5506AA0-9334-4652-A24B-5A36574C04D0}.Debug|x86.Build.0 = Debug|Any CPU
		{A5506AA0-9334-4652-A24B-5A36574C04D0}.Release|Any CPU.ActiveCfg = Release|Any CPU
		{A5506AA0-9334-4652-A24B-5A36574C04D0}.Release|Any CPU.Build.0 = Release|Any CPU
		{A5506AA0-9334-4652-A24B-5A36574C04D0}.Release|x64.ActiveCfg = Release|Any CPU
		{A5506AA0-9334-4652-A24B-5A36574C04D0}.Release|x64.Build.0 = Release|Any CPU
		{A5506AA0-9334-4652-A24B-5A36574C04D0}.Release|x86.ActiveCfg = Release|Any CPU
		{A5506AA0-9334-4652-A24B-5A36574C04D0}.Release|x86.Build.0 = Release|Any CPU
		{54502C75-22FF-45E2-B243-62EE1C7B94DD}.Debug|Any CPU.ActiveCfg = Debug|Any CPU
		{54502C75-22FF-45E2-B243-62EE1C7B94DD}.Debug|Any CPU.Build.0 = Debug|Any CPU
		{54502C75-22FF-45E2-B243-62EE1C7B94DD}.Debug|x64.ActiveCfg = Debug|Any CPU
		{54502C75-22FF-45E2-B243-62EE1C7B94DD}.Debug|x64.Build.0 = Debug|Any CPU
		{54502C75-22FF-45E2-B243-62EE1C7B94DD}.Debug|x86.ActiveCfg = Debug|Any CPU
		{54502C75-22FF-45E2-B243-62EE1C7B94DD}.Debug|x86.Build.0 = Debug|Any CPU
		{54502C75-22FF-45E2-B243-62EE1C7B94DD}.Release|Any CPU.ActiveCfg = Release|Any CPU
		{54502C75-22FF-45E2-B243-62EE1C7B94DD}.Release|Any CPU.Build.0 = Release|Any CPU
		{54502C75-22FF-45E2-B243-62EE1C7B94DD}.Release|x64.ActiveCfg = Release|Any CPU
		{54502C75-22FF-45E2-B243-62EE1C7B94DD}.Release|x64.Build.0 = Release|Any CPU
		{54502C75-22FF-45E2-B243-62EE1C7B94DD}.Release|x86.ActiveCfg = Release|Any CPU
		{54502C75-22FF-45E2-B243-62EE1C7B94DD}.Release|x86.Build.0 = Release|Any CPU
		{9B241E38-DB1D-4073-97D7-13D8BB10E46E}.Debug|Any CPU.ActiveCfg = Debug|Any CPU
		{9B241E38-DB1D-4073-97D7-13D8BB10E46E}.Debug|Any CPU.Build.0 = Debug|Any CPU
		{9B241E38-DB1D-4073-97D7-13D8BB10E46E}.Debug|x64.ActiveCfg = Debug|Any CPU
		{9B241E38-DB1D-4073-97D7-13D8BB10E46E}.Debug|x64.Build.0 = Debug|Any CPU
		{9B241E38-DB1D-4073-97D7-13D8BB10E46E}.Debug|x86.ActiveCfg = Debug|Any CPU
		{9B241E38-DB1D-4073-97D7-13D8BB10E46E}.Debug|x86.Build.0 = Debug|Any CPU
		{9B241E38-DB1D-4073-97D7-13D8BB10E46E}.Release|Any CPU.ActiveCfg = Release|Any CPU
		{9B241E38-DB1D-4073-97D7-13D8BB10E46E}.Release|Any CPU.Build.0 = Release|Any CPU
		{9B241E38-DB1D-4073-97D7-13D8BB10E46E}.Release|x64.ActiveCfg = Release|Any CPU
		{9B241E38-DB1D-4073-97D7-13D8BB10E46E}.Release|x64.Build.0 = Release|Any CPU
		{9B241E38-DB1D-4073-97D7-13D8BB10E46E}.Release|x86.ActiveCfg = Release|Any CPU
		{9B241E38-DB1D-4073-97D7-13D8BB10E46E}.Release|x86.Build.0 = Release|Any CPU
		{56BF136F-3105-4D5C-95CD-1807572397B1}.Debug|Any CPU.ActiveCfg = Debug|Any CPU
		{56BF136F-3105-4D5C-95CD-1807572397B1}.Debug|Any CPU.Build.0 = Debug|Any CPU
		{56BF136F-3105-4D5C-95CD-1807572397B1}.Debug|x64.ActiveCfg = Debug|Any CPU
		{56BF136F-3105-4D5C-95CD-1807572397B1}.Debug|x64.Build.0 = Debug|Any CPU
		{56BF136F-3105-4D5C-95CD-1807572397B1}.Debug|x86.ActiveCfg = Debug|Any CPU
		{56BF136F-3105-4D5C-95CD-1807572397B1}.Debug|x86.Build.0 = Debug|Any CPU
		{56BF136F-3105-4D5C-95CD-1807572397B1}.Release|Any CPU.ActiveCfg = Release|Any CPU
		{56BF136F-3105-4D5C-95CD-1807572397B1}.Release|Any CPU.Build.0 = Release|Any CPU
		{56BF136F-3105-4D5C-95CD-1807572397B1}.Release|x64.ActiveCfg = Release|Any CPU
		{56BF136F-3105-4D5C-95CD-1807572397B1}.Release|x64.Build.0 = Release|Any CPU
		{56BF136F-3105-4D5C-95CD-1807572397B1}.Release|x86.ActiveCfg = Release|Any CPU
		{56BF136F-3105-4D5C-95CD-1807572397B1}.Release|x86.Build.0 = Release|Any CPU
		{04AA0E1E-E264-495B-A057-A56634D885EC}.Debug|Any CPU.ActiveCfg = Debug|Any CPU
		{04AA0E1E-E264-495B-A057-A56634D885EC}.Debug|Any CPU.Build.0 = Debug|Any CPU
		{04AA0E1E-E264-495B-A057-A56634D885EC}.Debug|x64.ActiveCfg = Debug|Any CPU
		{04AA0E1E-E264-495B-A057-A56634D885EC}.Debug|x64.Build.0 = Debug|Any CPU
		{04AA0E1E-E264-495B-A057-A56634D885EC}.Debug|x86.ActiveCfg = Debug|Any CPU
		{04AA0E1E-E264-495B-A057-A56634D885EC}.Debug|x86.Build.0 = Debug|Any CPU
		{04AA0E1E-E264-495B-A057-A56634D885EC}.Release|Any CPU.ActiveCfg = Release|Any CPU
		{04AA0E1E-E264-495B-A057-A56634D885EC}.Release|Any CPU.Build.0 = Release|Any CPU
		{04AA0E1E-E264-495B-A057-A56634D885EC}.Release|x64.ActiveCfg = Release|Any CPU
		{04AA0E1E-E264-495B-A057-A56634D885EC}.Release|x64.Build.0 = Release|Any CPU
		{04AA0E1E-E264-495B-A057-A56634D885EC}.Release|x86.ActiveCfg = Release|Any CPU
		{04AA0E1E-E264-495B-A057-A56634D885EC}.Release|x86.Build.0 = Release|Any CPU
		{668CC9CC-D0C5-4521-9388-A3AFE85BD1F3}.Debug|Any CPU.ActiveCfg = Debug|Any CPU
		{668CC9CC-D0C5-4521-9388-A3AFE85BD1F3}.Debug|Any CPU.Build.0 = Debug|Any CPU
		{668CC9CC-D0C5-4521-9388-A3AFE85BD1F3}.Debug|x64.ActiveCfg = Debug|Any CPU
		{668CC9CC-D0C5-4521-9388-A3AFE85BD1F3}.Debug|x64.Build.0 = Debug|Any CPU
		{668CC9CC-D0C5-4521-9388-A3AFE85BD1F3}.Debug|x86.ActiveCfg = Debug|Any CPU
		{668CC9CC-D0C5-4521-9388-A3AFE85BD1F3}.Debug|x86.Build.0 = Debug|Any CPU
		{668CC9CC-D0C5-4521-9388-A3AFE85BD1F3}.Release|Any CPU.ActiveCfg = Release|Any CPU
		{668CC9CC-D0C5-4521-9388-A3AFE85BD1F3}.Release|Any CPU.Build.0 = Release|Any CPU
		{668CC9CC-D0C5-4521-9388-A3AFE85BD1F3}.Release|x64.ActiveCfg = Release|Any CPU
		{668CC9CC-D0C5-4521-9388-A3AFE85BD1F3}.Release|x64.Build.0 = Release|Any CPU
		{668CC9CC-D0C5-4521-9388-A3AFE85BD1F3}.Release|x86.ActiveCfg = Release|Any CPU
		{668CC9CC-D0C5-4521-9388-A3AFE85BD1F3}.Release|x86.Build.0 = Release|Any CPU
		{9C31D343-8D00-4520-8D74-AFBE7E69555D}.Debug|Any CPU.ActiveCfg = Debug|Any CPU
		{9C31D343-8D00-4520-8D74-AFBE7E69555D}.Debug|Any CPU.Build.0 = Debug|Any CPU
		{9C31D343-8D00-4520-8D74-AFBE7E69555D}.Debug|x64.ActiveCfg = Debug|Any CPU
		{9C31D343-8D00-4520-8D74-AFBE7E69555D}.Debug|x64.Build.0 = Debug|Any CPU
		{9C31D343-8D00-4520-8D74-AFBE7E69555D}.Debug|x86.ActiveCfg = Debug|Any CPU
		{9C31D343-8D00-4520-8D74-AFBE7E69555D}.Debug|x86.Build.0 = Debug|Any CPU
		{9C31D343-8D00-4520-8D74-AFBE7E69555D}.Release|Any CPU.ActiveCfg = Release|Any CPU
		{9C31D343-8D00-4520-8D74-AFBE7E69555D}.Release|Any CPU.Build.0 = Release|Any CPU
		{9C31D343-8D00-4520-8D74-AFBE7E69555D}.Release|x64.ActiveCfg = Release|Any CPU
		{9C31D343-8D00-4520-8D74-AFBE7E69555D}.Release|x64.Build.0 = Release|Any CPU
		{9C31D343-8D00-4520-8D74-AFBE7E69555D}.Release|x86.ActiveCfg = Release|Any CPU
		{9C31D343-8D00-4520-8D74-AFBE7E69555D}.Release|x86.Build.0 = Release|Any CPU
		{2FC3CC69-94BD-4D63-89A4-830EC6336523}.Debug|Any CPU.ActiveCfg = Debug|Any CPU
		{2FC3CC69-94BD-4D63-89A4-830EC6336523}.Debug|Any CPU.Build.0 = Debug|Any CPU
		{2FC3CC69-94BD-4D63-89A4-830EC6336523}.Debug|x64.ActiveCfg = Debug|Any CPU
		{2FC3CC69-94BD-4D63-89A4-830EC6336523}.Debug|x64.Build.0 = Debug|Any CPU
		{2FC3CC69-94BD-4D63-89A4-830EC6336523}.Debug|x86.ActiveCfg = Debug|Any CPU
		{2FC3CC69-94BD-4D63-89A4-830EC6336523}.Debug|x86.Build.0 = Debug|Any CPU
		{2FC3CC69-94BD-4D63-89A4-830EC6336523}.Release|Any CPU.ActiveCfg = Release|Any CPU
		{2FC3CC69-94BD-4D63-89A4-830EC6336523}.Release|Any CPU.Build.0 = Release|Any CPU
		{2FC3CC69-94BD-4D63-89A4-830EC6336523}.Release|x64.ActiveCfg = Release|Any CPU
		{2FC3CC69-94BD-4D63-89A4-830EC6336523}.Release|x64.Build.0 = Release|Any CPU
		{2FC3CC69-94BD-4D63-89A4-830EC6336523}.Release|x86.ActiveCfg = Release|Any CPU
		{2FC3CC69-94BD-4D63-89A4-830EC6336523}.Release|x86.Build.0 = Release|Any CPU
		{49F0FB25-84CD-4870-AF67-B21DAEF0C9C5}.Debug|Any CPU.ActiveCfg = Debug|Any CPU
		{49F0FB25-84CD-4870-AF67-B21DAEF0C9C5}.Debug|Any CPU.Build.0 = Debug|Any CPU
		{49F0FB25-84CD-4870-AF67-B21DAEF0C9C5}.Debug|x64.ActiveCfg = Debug|Any CPU
		{49F0FB25-84CD-4870-AF67-B21DAEF0C9C5}.Debug|x64.Build.0 = Debug|Any CPU
		{49F0FB25-84CD-4870-AF67-B21DAEF0C9C5}.Debug|x86.ActiveCfg = Debug|Any CPU
		{49F0FB25-84CD-4870-AF67-B21DAEF0C9C5}.Debug|x86.Build.0 = Debug|Any CPU
		{49F0FB25-84CD-4870-AF67-B21DAEF0C9C5}.Release|Any CPU.ActiveCfg = Release|Any CPU
		{49F0FB25-84CD-4870-AF67-B21DAEF0C9C5}.Release|Any CPU.Build.0 = Release|Any CPU
		{49F0FB25-84CD-4870-AF67-B21DAEF0C9C5}.Release|x64.ActiveCfg = Release|Any CPU
		{49F0FB25-84CD-4870-AF67-B21DAEF0C9C5}.Release|x64.Build.0 = Release|Any CPU
		{49F0FB25-84CD-4870-AF67-B21DAEF0C9C5}.Release|x86.ActiveCfg = Release|Any CPU
		{49F0FB25-84CD-4870-AF67-B21DAEF0C9C5}.Release|x86.Build.0 = Release|Any CPU
		{BAE86ECF-D31A-4DF1-AE37-4BE91C4A7206}.Debug|Any CPU.ActiveCfg = Debug|Any CPU
		{BAE86ECF-D31A-4DF1-AE37-4BE91C4A7206}.Debug|Any CPU.Build.0 = Debug|Any CPU
		{BAE86ECF-D31A-4DF1-AE37-4BE91C4A7206}.Debug|x64.ActiveCfg = Debug|Any CPU
		{BAE86ECF-D31A-4DF1-AE37-4BE91C4A7206}.Debug|x64.Build.0 = Debug|Any CPU
		{BAE86ECF-D31A-4DF1-AE37-4BE91C4A7206}.Debug|x86.ActiveCfg = Debug|Any CPU
		{BAE86ECF-D31A-4DF1-AE37-4BE91C4A7206}.Debug|x86.Build.0 = Debug|Any CPU
		{BAE86ECF-D31A-4DF1-AE37-4BE91C4A7206}.Release|Any CPU.ActiveCfg = Release|Any CPU
		{BAE86ECF-D31A-4DF1-AE37-4BE91C4A7206}.Release|Any CPU.Build.0 = Release|Any CPU
		{BAE86ECF-D31A-4DF1-AE37-4BE91C4A7206}.Release|x64.ActiveCfg = Release|Any CPU
		{BAE86ECF-D31A-4DF1-AE37-4BE91C4A7206}.Release|x64.Build.0 = Release|Any CPU
		{BAE86ECF-D31A-4DF1-AE37-4BE91C4A7206}.Release|x86.ActiveCfg = Release|Any CPU
		{BAE86ECF-D31A-4DF1-AE37-4BE91C4A7206}.Release|x86.Build.0 = Release|Any CPU
		{AB71E265-2C08-4F6E-8D67-1B04CD43863F}.Debug|Any CPU.ActiveCfg = Debug|Any CPU
		{AB71E265-2C08-4F6E-8D67-1B04CD43863F}.Debug|Any CPU.Build.0 = Debug|Any CPU
		{AB71E265-2C08-4F6E-8D67-1B04CD43863F}.Debug|x64.ActiveCfg = Debug|Any CPU
		{AB71E265-2C08-4F6E-8D67-1B04CD43863F}.Debug|x64.Build.0 = Debug|Any CPU
		{AB71E265-2C08-4F6E-8D67-1B04CD43863F}.Debug|x86.ActiveCfg = Debug|Any CPU
		{AB71E265-2C08-4F6E-8D67-1B04CD43863F}.Debug|x86.Build.0 = Debug|Any CPU
		{AB71E265-2C08-4F6E-8D67-1B04CD43863F}.Release|Any CPU.ActiveCfg = Release|Any CPU
		{AB71E265-2C08-4F6E-8D67-1B04CD43863F}.Release|Any CPU.Build.0 = Release|Any CPU
		{AB71E265-2C08-4F6E-8D67-1B04CD43863F}.Release|x64.ActiveCfg = Release|Any CPU
		{AB71E265-2C08-4F6E-8D67-1B04CD43863F}.Release|x64.Build.0 = Release|Any CPU
		{AB71E265-2C08-4F6E-8D67-1B04CD43863F}.Release|x86.ActiveCfg = Release|Any CPU
		{AB71E265-2C08-4F6E-8D67-1B04CD43863F}.Release|x86.Build.0 = Release|Any CPU
		{D8A7318A-0EC8-4E0C-915E-C02AD11EE547}.Debug|Any CPU.ActiveCfg = Debug|Any CPU
		{D8A7318A-0EC8-4E0C-915E-C02AD11EE547}.Debug|Any CPU.Build.0 = Debug|Any CPU
		{D8A7318A-0EC8-4E0C-915E-C02AD11EE547}.Debug|x64.ActiveCfg = Debug|Any CPU
		{D8A7318A-0EC8-4E0C-915E-C02AD11EE547}.Debug|x64.Build.0 = Debug|Any CPU
		{D8A7318A-0EC8-4E0C-915E-C02AD11EE547}.Debug|x86.ActiveCfg = Debug|Any CPU
		{D8A7318A-0EC8-4E0C-915E-C02AD11EE547}.Debug|x86.Build.0 = Debug|Any CPU
		{D8A7318A-0EC8-4E0C-915E-C02AD11EE547}.Release|Any CPU.ActiveCfg = Release|Any CPU
		{D8A7318A-0EC8-4E0C-915E-C02AD11EE547}.Release|Any CPU.Build.0 = Release|Any CPU
		{D8A7318A-0EC8-4E0C-915E-C02AD11EE547}.Release|x64.ActiveCfg = Release|Any CPU
		{D8A7318A-0EC8-4E0C-915E-C02AD11EE547}.Release|x64.Build.0 = Release|Any CPU
		{D8A7318A-0EC8-4E0C-915E-C02AD11EE547}.Release|x86.ActiveCfg = Release|Any CPU
		{D8A7318A-0EC8-4E0C-915E-C02AD11EE547}.Release|x86.Build.0 = Release|Any CPU
		{F369F859-49DC-4D3A-AF1F-662C422EE74A}.Debug|Any CPU.ActiveCfg = Debug|Any CPU
		{F369F859-49DC-4D3A-AF1F-662C422EE74A}.Debug|Any CPU.Build.0 = Debug|Any CPU
		{F369F859-49DC-4D3A-AF1F-662C422EE74A}.Debug|x64.ActiveCfg = Debug|Any CPU
		{F369F859-49DC-4D3A-AF1F-662C422EE74A}.Debug|x64.Build.0 = Debug|Any CPU
		{F369F859-49DC-4D3A-AF1F-662C422EE74A}.Debug|x86.ActiveCfg = Debug|Any CPU
		{F369F859-49DC-4D3A-AF1F-662C422EE74A}.Debug|x86.Build.0 = Debug|Any CPU
		{F369F859-49DC-4D3A-AF1F-662C422EE74A}.Release|Any CPU.ActiveCfg = Release|Any CPU
		{F369F859-49DC-4D3A-AF1F-662C422EE74A}.Release|Any CPU.Build.0 = Release|Any CPU
		{F369F859-49DC-4D3A-AF1F-662C422EE74A}.Release|x64.ActiveCfg = Release|Any CPU
		{F369F859-49DC-4D3A-AF1F-662C422EE74A}.Release|x64.Build.0 = Release|Any CPU
		{F369F859-49DC-4D3A-AF1F-662C422EE74A}.Release|x86.ActiveCfg = Release|Any CPU
		{F369F859-49DC-4D3A-AF1F-662C422EE74A}.Release|x86.Build.0 = Release|Any CPU
		{13F1AB50-CC54-4717-B137-AE74A45EDB02}.Debug|Any CPU.ActiveCfg = Debug|Any CPU
		{13F1AB50-CC54-4717-B137-AE74A45EDB02}.Debug|Any CPU.Build.0 = Debug|Any CPU
		{13F1AB50-CC54-4717-B137-AE74A45EDB02}.Debug|x64.ActiveCfg = Debug|Any CPU
		{13F1AB50-CC54-4717-B137-AE74A45EDB02}.Debug|x64.Build.0 = Debug|Any CPU
		{13F1AB50-CC54-4717-B137-AE74A45EDB02}.Debug|x86.ActiveCfg = Debug|Any CPU
		{13F1AB50-CC54-4717-B137-AE74A45EDB02}.Debug|x86.Build.0 = Debug|Any CPU
		{13F1AB50-CC54-4717-B137-AE74A45EDB02}.Release|Any CPU.ActiveCfg = Release|Any CPU
		{13F1AB50-CC54-4717-B137-AE74A45EDB02}.Release|Any CPU.Build.0 = Release|Any CPU
		{13F1AB50-CC54-4717-B137-AE74A45EDB02}.Release|x64.ActiveCfg = Release|Any CPU
		{13F1AB50-CC54-4717-B137-AE74A45EDB02}.Release|x64.Build.0 = Release|Any CPU
		{13F1AB50-CC54-4717-B137-AE74A45EDB02}.Release|x86.ActiveCfg = Release|Any CPU
		{13F1AB50-CC54-4717-B137-AE74A45EDB02}.Release|x86.Build.0 = Release|Any CPU
		{4774E363-6754-4BB9-8C34-E4E30FA2D6B5}.Debug|Any CPU.ActiveCfg = Debug|Any CPU
		{4774E363-6754-4BB9-8C34-E4E30FA2D6B5}.Debug|Any CPU.Build.0 = Debug|Any CPU
		{4774E363-6754-4BB9-8C34-E4E30FA2D6B5}.Debug|x64.ActiveCfg = Debug|Any CPU
		{4774E363-6754-4BB9-8C34-E4E30FA2D6B5}.Debug|x64.Build.0 = Debug|Any CPU
		{4774E363-6754-4BB9-8C34-E4E30FA2D6B5}.Debug|x86.ActiveCfg = Debug|Any CPU
		{4774E363-6754-4BB9-8C34-E4E30FA2D6B5}.Debug|x86.Build.0 = Debug|Any CPU
		{4774E363-6754-4BB9-8C34-E4E30FA2D6B5}.Release|Any CPU.ActiveCfg = Release|Any CPU
		{4774E363-6754-4BB9-8C34-E4E30FA2D6B5}.Release|Any CPU.Build.0 = Release|Any CPU
		{4774E363-6754-4BB9-8C34-E4E30FA2D6B5}.Release|x64.ActiveCfg = Release|Any CPU
		{4774E363-6754-4BB9-8C34-E4E30FA2D6B5}.Release|x64.Build.0 = Release|Any CPU
		{4774E363-6754-4BB9-8C34-E4E30FA2D6B5}.Release|x86.ActiveCfg = Release|Any CPU
		{4774E363-6754-4BB9-8C34-E4E30FA2D6B5}.Release|x86.Build.0 = Release|Any CPU
	EndGlobalSection
	GlobalSection(SolutionProperties) = preSolution
		HideSolutionNode = FALSE
	EndGlobalSection
	GlobalSection(NestedProjects) = preSolution
		{01A8EE55-5A5B-47D5-95A4-F63DEC29DA0E} = {931CA310-5F23-40E5-A2E9-041ADECCF804}
		{E199AD0A-8B39-4CD5-86F7-41668E5155F3} = {931CA310-5F23-40E5-A2E9-041ADECCF804}
		{962B1CB0-59F4-42ED-A169-58FE322437BA} = {931CA310-5F23-40E5-A2E9-041ADECCF804}
		{A5506AA0-9334-4652-A24B-5A36574C04D0} = {D3592AC2-F2D3-42BD-BC77-66D1D606092B}
		{54502C75-22FF-45E2-B243-62EE1C7B94DD} = {D3592AC2-F2D3-42BD-BC77-66D1D606092B}
		{9B241E38-DB1D-4073-97D7-13D8BB10E46E} = {D3592AC2-F2D3-42BD-BC77-66D1D606092B}
		{D3592AC2-F2D3-42BD-BC77-66D1D606092B} = {8114D530-A951-4C99-9996-8CCA164DA4B2}
		{56BF136F-3105-4D5C-95CD-1807572397B1} = {69A9C33A-2A06-47A9-BFFE-AF915C168A0B}
		{04AA0E1E-E264-495B-A057-A56634D885EC} = {69A9C33A-2A06-47A9-BFFE-AF915C168A0B}
		{668CC9CC-D0C5-4521-9388-A3AFE85BD1F3} = {F4049AF4-2F1C-461B-99E9-EC9F96D4B6B2}
		{9C31D343-8D00-4520-8D74-AFBE7E69555D} = {69A9C33A-2A06-47A9-BFFE-AF915C168A0B}
		{F4049AF4-2F1C-461B-99E9-EC9F96D4B6B2} = {8114D530-A951-4C99-9996-8CCA164DA4B2}
		{931CA310-5F23-40E5-A2E9-041ADECCF804} = {C290B8E7-1522-454C-9651-59F1B6F94722}
		{69A9C33A-2A06-47A9-BFFE-AF915C168A0B} = {C290B8E7-1522-454C-9651-59F1B6F94722}
		{2FC3CC69-94BD-4D63-89A4-830EC6336523} = {931CA310-5F23-40E5-A2E9-041ADECCF804}
		{49F0FB25-84CD-4870-AF67-B21DAEF0C9C5} = {1B7BCA4B-E8ED-4A0B-B920-CF5AC765E1C6}
		{1B7BCA4B-E8ED-4A0B-B920-CF5AC765E1C6} = {C290B8E7-1522-454C-9651-59F1B6F94722}
		{FA1BF05F-13AC-4619-9E96-73CBFFE38D69} = {C290B8E7-1522-454C-9651-59F1B6F94722}
		{72559B87-69CA-4BF0-91C8-19E1F49ADC9E} = {FA1BF05F-13AC-4619-9E96-73CBFFE38D69}
		{BAE86ECF-D31A-4DF1-AE37-4BE91C4A7206} = {72559B87-69CA-4BF0-91C8-19E1F49ADC9E}
		{AB71E265-2C08-4F6E-8D67-1B04CD43863F} = {72559B87-69CA-4BF0-91C8-19E1F49ADC9E}
		{D8A7318A-0EC8-4E0C-915E-C02AD11EE547} = {72559B87-69CA-4BF0-91C8-19E1F49ADC9E}
		{F369F859-49DC-4D3A-AF1F-662C422EE74A} = {72559B87-69CA-4BF0-91C8-19E1F49ADC9E}
		{13F1AB50-CC54-4717-B137-AE74A45EDB02} = {FA1BF05F-13AC-4619-9E96-73CBFFE38D69}
		{4774E363-6754-4BB9-8C34-E4E30FA2D6B5} = {FA1BF05F-13AC-4619-9E96-73CBFFE38D69}
	EndGlobalSection
	GlobalSection(ExtensibilityGlobals) = postSolution
		SolutionGuid = {803DD2B1-D967-4F15-AE9C-21E4DD83D183}
	EndGlobalSection
EndGlobal
